// !$*UTF8*$!
{
	archiveVersion = 1;
	classes = {
	};
	objectVersion = 39;
	objects = {
		88230FFA05D9926E00FE8D22 = {
			children = (
				888251B805DAF9E10060550A,
				886FEE5605D9BD280091015F,
				886FEE5905D9BD280091015F,
				886FEE5705D9BD280091015F,
				88934D71061E157F00F42905,
			);
			isa = PBXGroup;
			refType = 4;
			sourceTree = "<group>";
		};
		88230FFC05D9926E00FE8D22 = {
			buildSettings = {
				COPY_PHASE_STRIP = NO;
			};
			isa = PBXBuildStyle;
			name = Development;
		};
		88230FFD05D9926E00FE8D22 = {
			buildSettings = {
				COPY_PHASE_STRIP = YES;
			};
			isa = PBXBuildStyle;
			name = Deployment;
		};
		88230FFE05D9926E00FE8D22 = {
			buildSettings = {
			};
			buildStyles = (
				88230FFC05D9926E00FE8D22,
				88230FFD05D9926E00FE8D22,
			);
			hasScannedForEncodings = 1;
			isa = PBXProject;
			mainGroup = 88230FFA05D9926E00FE8D22;
			projectDirPath = "";
			targets = (
				8823100505D9929B00FE8D22,
			);
		};
		8823100505D9929B00FE8D22 = {
			buildArgumentsString = "-emacs $(ACTION)";
			buildPhases = (
			);
			buildSettings = {
				PRODUCT_NAME = Simbrain;
			};
			buildToolPath = /Developer/Java/Ant/bin/ant;
			dependencies = (
			);
			isa = PBXLegacyTarget;
			name = Simbrain;
			passBuildSettingsInEnvironment = 1;
			productName = Simbrain;
		};
		886FEE5605D9BD280091015F = {
			fileEncoding = 30;
			isa = PBXFileReference;
			lastKnownFileType = text.xml;
			path = build.xml;
			refType = 4;
			sourceTree = "<group>";
		};
		886FEE5705D9BD280091015F = {
			isa = PBXFileReference;
			lastKnownFileType = folder;
			path = lib;
			refType = 4;
			sourceTree = "<group>";
		};
		886FEE5905D9BD280091015F = {
			isa = PBXFileReference;
			lastKnownFileType = folder;
			path = src;
			refType = 4;
			sourceTree = "<group>";
		};
		888251B805DAF9E10060550A = {
			fileEncoding = 30;
			isa = PBXFileReference;
			lastKnownFileType = text;
			path = Manifest;
			refType = 4;
			sourceTree = "<group>";
		};
		88934D71061E157F00F42905 = {
			isa = PBXFileReference;
			lastKnownFileType = file;
			path = dist;
			refType = 4;
			sourceTree = "<group>";
		};
	};
	rootObject = 88230FFE05D9926E00FE8D22;
}
